
Microsoft Visual Studio Solution File, Format Version 12.00
# Visual Studio 14
VisualStudioVersion = 14.0.24720.0
MinimumVisualStudioVersion = 10.0.40219.1
Project("{FAE04EC0-301F-11D3-BF4B-00C04F79EFBC}") = "TicTacToeGame", "TicTacToeGame\TicTacToeGame.csproj", "{04681FCB-42CA-49A5-8A0F-AE96CB6A965B}"
EndProject
Project("{FAE04EC0-301F-11D3-BF4B-00C04F79EFBC}") = "WPFViev", "test_WPFView\WPFViev.csproj", "{4B65CC45-A5B6-4E31-87DD-EDE4C8E3C00E}"
EndProject
Global
	GlobalSection(SolutionConfigurationPlatforms) = preSolution
		Debug|Any CPU = Debug|Any CPU
		Release|Any CPU = Release|Any CPU
	EndGlobalSection
	GlobalSection(ProjectConfigurationPlatforms) = postSolution
		{04681FCB-42CA-49A5-8A0F-AE96CB6A965B}.Debug|Any CPU.ActiveCfg = Debug|Any CPU
		{04681FCB-42CA-49A5-8A0F-AE96CB6A965B}.Debug|Any CPU.Build.0 = Debug|Any CPU
		{04681FCB-42CA-49A5-8A0F-AE96CB6A965B}.Release|Any CPU.ActiveCfg = Release|Any CPU
		{04681FCB-42CA-49A5-8A0F-AE96CB6A965B}.Release|Any CPU.Build.0 = Release|Any CPU
		{4B65CC45-A5B6-4E31-87DD-EDE4C8E3C00E}.Debug|Any CPU.ActiveCfg = Debug|Any CPU
		{4B65CC45-A5B6-4E31-87DD-EDE4C8E3C00E}.Debug|Any CPU.Build.0 = Debug|Any CPU
		{4B65CC45-A5B6-4E31-87DD-EDE4C8E3C00E}.Release|Any CPU.ActiveCfg = Release|Any CPU
		{4B65CC45-A5B6-4E31-87DD-EDE4C8E3C00E}.Release|Any CPU.Build.0 = Release|Any CPU
	EndGlobalSection
	GlobalSection(SolutionProperties) = preSolution
		HideSolutionNode = FALSE
	EndGlobalSection
	GlobalSection(TeamFoundationVersionControl) = preSolution
		SccNumberOfProjects = 3
		SccEnterpriseProvider = {4CA58AB2-18FA-4F8D-95D4-32DDF27D184C}
		SccTeamFoundationServer = https://voinov-anton.visualstudio.com/defaultcollection
		SccLocalPath0 = .
		SccProjectUniqueName1 = TicTacToeGame\\TicTacToeGame.csproj
		SccProjectName1 = TicTacToeGame
		SccLocalPath1 = TicTacToeGame
		SccProjectUniqueName2 = test_WPFView\\WPFViev.csproj
		SccProjectName2 = test_WPFView
		SccLocalPath2 = test_WPFView
	EndGlobalSection
EndGlobal
